
Microsoft Visual Studio Solution File, Format Version 12.00
Project("{FAE04EC0-301F-11D3-BF4B-00C04F79EFBC}") = "ClickHouseProj", "ClickHouseProj\ClickHouseProj.csproj", "{4448CCA5-8ED3-43B9-82F2-B68D0BF7E066}"
EndProject
Global
	GlobalSection(SolutionConfigurationPlatforms) = preSolution
		Debug|Any CPU = Debug|Any CPU
		Release|Any CPU = Release|Any CPU
	EndGlobalSection
	GlobalSection(ProjectConfigurationPlatforms) = postSolution
		{4448CCA5-8ED3-43B9-82F2-B68D0BF7E066}.Debug|Any CPU.ActiveCfg = Debug|Any CPU
		{4448CCA5-8ED3-43B9-82F2-B68D0BF7E066}.Debug|Any CPU.Build.0 = Debug|Any CPU
		{4448CCA5-8ED3-43B9-82F2-B68D0BF7E066}.Release|Any CPU.ActiveCfg = Release|Any CPU
		{4448CCA5-8ED3-43B9-82F2-B68D0BF7E066}.Release|Any CPU.Build.0 = Release|Any CPU
	EndGlobalSection
EndGlobal
